
Microsoft Visual Studio Solution File, Format Version 12.00
# Visual Studio Version 16
VisualStudioVersion = 16.0.31624.102
MinimumVisualStudioVersion = 10.0.40219.1
Project("{FAE04EC0-301F-11D3-BF4B-00C04F79EFBC}") = "PrinterSample", "PrinterSample\PrinterSample.csproj", "{44EE9425-DE5A-4022-B2E2-1CFBB64C7E49}"
EndProject
Project("{2150E333-8FDC-42A3-9474-1A3956D46DE8}") = "Solution Items", "Solution Items", "{0EBE64EC-2B09-4D7E-957B-11E916930624}"
	ProjectSection(SolutionItems) = preProject
		.editorconfig = .editorconfig
	EndProjectSection
EndProject
Project("{FAE04EC0-301F-11D3-BF4B-00C04F79EFBC}") = "PrinterLib.NetFramework", "PrinterLib.NetFramework\PrinterLib.NetFramework.csproj", "{2558B6F8-2A01-4D40-ADA2-69E7A915C283}"
EndProject
Project("{FAE04EC0-301F-11D3-BF4B-00C04F79EFBC}") = "PrinterLib.NetFramework.UnitTests", "PrinterLib.NetFramework.Tests\PrinterLib.NetFramework.UnitTests.csproj", "{57B9FA1C-1D5E-4D5D-9F6D-2E1121173EB5}"
EndProject
Global
	GlobalSection(SolutionConfigurationPlatforms) = preSolution
		Debug|Any CPU = Debug|Any CPU
		Release|Any CPU = Release|Any CPU
	EndGlobalSection
	GlobalSection(ProjectConfigurationPlatforms) = postSolution
		{44EE9425-DE5A-4022-B2E2-1CFBB64C7E49}.Debug|Any CPU.ActiveCfg = Debug|Any CPU
		{44EE9425-DE5A-4022-B2E2-1CFBB64C7E49}.Debug|Any CPU.Build.0 = Debug|Any CPU
		{44EE9425-DE5A-4022-B2E2-1CFBB64C7E49}.Release|Any CPU.ActiveCfg = Release|Any CPU
		{44EE9425-DE5A-4022-B2E2-1CFBB64C7E49}.Release|Any CPU.Build.0 = Release|Any CPU
		{2558B6F8-2A01-4D40-ADA2-69E7A915C283}.Debug|Any CPU.ActiveCfg = Debug|Any CPU
		{2558B6F8-2A01-4D40-ADA2-69E7A915C283}.Debug|Any CPU.Build.0 = Debug|Any CPU
		{2558B6F8-2A01-4D40-ADA2-69E7A915C283}.Release|Any CPU.ActiveCfg = Release|Any CPU
		{2558B6F8-2A01-4D40-ADA2-69E7A915C283}.Release|Any CPU.Build.0 = Release|Any CPU
		{57B9FA1C-1D5E-4D5D-9F6D-2E1121173EB5}.Debug|Any CPU.ActiveCfg = Debug|Any CPU
		{57B9FA1C-1D5E-4D5D-9F6D-2E1121173EB5}.Debug|Any CPU.Build.0 = Debug|Any CPU
		{57B9FA1C-1D5E-4D5D-9F6D-2E1121173EB5}.Release|Any CPU.ActiveCfg = Release|Any CPU
		{57B9FA1C-1D5E-4D5D-9F6D-2E1121173EB5}.Release|Any CPU.Build.0 = Release|Any CPU
	EndGlobalSection
	GlobalSection(SolutionProperties) = preSolution
		HideSolutionNode = FALSE
	EndGlobalSection
	GlobalSection(ExtensibilityGlobals) = postSolution
		SolutionGuid = {EBB653D8-16C2-43B1-A29B-397696F15A8E}
	EndGlobalSection
EndGlobal
